{
  "name": "desafio entregable",
  "lockfileVersion": 2,
  "requires": true,
  "packages": {
    "": {
      "dependencies": {
        "@sweetalert2/theme-bootstrap-4": "^5.0.12",
        "sweetalert2": "^11.4.35"
      }
    },
    "node_modules/@sweetalert2/theme-bootstrap-4": {
      "version": "5.0.12",
      "resolved": "https://registry.npmjs.org/@sweetalert2/theme-bootstrap-4/-/theme-bootstrap-4-5.0.12.tgz",
      "integrity": "sha512-n2a4efzRS4yDDAL0tr+4jLuBnKn5oaXX/KXNMmhKbFNClQuZcf5NkMasLwYFUuJ5eHHZf5MLCpdKoIywerSGrg=="
    },
    "node_modules/sweetalert2": {
      "version": "11.4.35",
      "resolved": "https://registry.npmjs.org/sweetalert2/-/sweetalert2-11.4.35.tgz",
      "integrity": "sha512-nifH7Hd8oSIO8qf6GHhob6xZK2KoX7+EalTFm3nHshdQ38TY/r0m/QiuJCDL0cTGbRhzMWL7WYBSA3fjnh+F1g==",
      "funding": {
        "type": "individual",
        "url": "https://sweetalert2.github.io/#donations"
      }
    }
  },
  "dependencies": {
    "@sweetalert2/theme-bootstrap-4": {
      "version": "5.0.12",
      "resolved": "https://registry.npmjs.org/@sweetalert2/theme-bootstrap-4/-/theme-bootstrap-4-5.0.12.tgz",
      "integrity": "sha512-n2a4efzRS4yDDAL0tr+4jLuBnKn5oaXX/KXNMmhKbFNClQuZcf5NkMasLwYFUuJ5eHHZf5MLCpdKoIywerSGrg=="
    },
    "sweetalert2": {
      "version": "11.4.35",
      "resolved": "https://registry.npmjs.org/sweetalert2/-/sweetalert2-11.4.35.tgz",
      "integrity": "sha512-nifH7Hd8oSIO8qf6GHhob6xZK2KoX7+EalTFm3nHshdQ38TY/r0m/QiuJCDL0cTGbRhzMWL7WYBSA3fjnh+F1g=="
    }
  }
}
